{
  "name": "automonkey",
  "version": "1.0.0",
  "lockfileVersion": 2,
  "requires": true,
  "packages": {
    "": {
      "name": "automonkey",
      "version": "1.0.0",
      "license": "ISC",
      "dependencies": {
        "gremlins.js": "^2.2.0",
        "playwright": "^1.27.1"
      },
      "devDependencies": {
        "@playwright/test": "^1.27.1"
      }
    },
    "node_modules/@playwright/test": {
      "version": "1.27.1",
      "resolved": "https://registry.npmjs.org/@playwright/test/-/test-1.23.3.tgz",
      "integrity": "sha512-kR4vo2UGHC84DGqE6EwvAeaehj3xCAK6LoC1P1eu6ZGdC79rlqRKf8cFDx6q6c9T8MQSL1O9eOlup0BpwqNF0w==",
      "dev": true,
      "dependencies": {
        "@types/node": "*",
        "playwright-core": "1.23.3"
      },
      "bin": {
        "playwright": "cli.js"
      },
      "engines": {
        "node": ">=14"
      }
    },
    "node_modules/@types/node": {
      "version": "18.0.4",
      "resolved": "https://registry.npmjs.org/@types/node/-/node-18.0.4.tgz",
      "integrity": "sha512-M0+G6V0Y4YV8cqzHssZpaNCqvYwlCiulmm0PwpNLF55r/+cT8Ol42CHRU1SEaYFH2rTwiiE1aYg/2g2rrtGdPA==",
      "dev": true
    },
    "node_modules/chance": {
      "version": "1.1.8",
      "resolved": "https://registry.npmjs.org/chance/-/chance-1.1.8.tgz",
      "integrity": "sha512-v7fi5Hj2VbR6dJEGRWLmJBA83LJMS47pkAbmROFxHWd9qmE1esHRZW8Clf1Fhzr3rjxnNZVCjOEv/ivFxeIMtg=="
    },
    "node_modules/core-js": {
      "version": "3.23.4",
      "resolved": "https://registry.npmjs.org/core-js/-/core-js-3.23.4.tgz",
      "integrity": "sha512-vjsKqRc1RyAJC3Ye2kYqgfdThb3zYnx9CrqoCcjMOENMtQPC7ZViBvlDxwYU/2z2NI/IPuiXw5mT4hWhddqjzQ==",
      "hasInstallScript": true,
      "funding": {
        "type": "opencollective",
        "url": "https://opencollective.com/core-js"
      }
    },
    "node_modules/gremlins.js": {
      "version": "2.2.0",
      "resolved": "https://registry.npmjs.org/gremlins.js/-/gremlins.js-2.2.0.tgz",
      "integrity": "sha512-zVe4+WuCwTheg1OzBOdtiy7nZj52lWyWjCPMw/78wI1uAJdGlc97hVGYsZg0v75Hm+E91y5D+yG4U0lk7j/6xg==",
      "dependencies": {
        "chance": "^1.1.4",
        "core-js": "^3.6.4"
      }
    },
    "node_modules/playwright": {
      "version": "1.27.1",
      "resolved": "https://registry.npmjs.org/playwright/-/playwright-1.27.1.tgz",
      "integrity": "sha512-xXYZ7m36yTtC+oFgqH0eTgullGztKSRMb4yuwLPl8IYSmgBM88QiB+3IWb1mRIC9/NNwcgbG0RwtFlg+EAFQHQ==",
      "hasInstallScript": true,
      "dependencies": {
        "playwright-core": "1.27.1"
      },
      "bin": {
        "playwright": "cli.js"
      },
      "engines": {
        "node": ">=14"
      }
    },
    "node_modules/playwright-core": {
      "version": "1.23.3",
      "resolved": "https://registry.npmjs.org/playwright-core/-/playwright-core-1.23.3.tgz",
      "integrity": "sha512-x35yzsXDyo0BIXYimLnUFNyb42c//NadUNH6IPGOteZm96oTGA1kn4Hq6qJTI1/f9wEc1F9O1DsznXIgXMil7A==",
      "dev": true,
      "bin": {
        "playwright": "cli.js"
      },
      "engines": {
        "node": ">=14"
      }
    },
    "node_modules/playwright/node_modules/playwright-core": {
      "version": "1.27.1",
      "resolved": "https://registry.npmjs.org/playwright-core/-/playwright-core-1.27.1.tgz",
      "integrity": "sha512-9EmeXDncC2Pmp/z+teoVYlvmPWUC6ejSSYZUln7YaP89Z6lpAaiaAnqroUt/BoLo8tn7WYShcfaCh+xofZa44Q==",
      "bin": {
        "playwright": "cli.js"
      },
      "engines": {
        "node": ">=14"
      }
    }
  },
  "dependencies": {
    "@playwright/test": {
      "version": "1.27.1",
      "resolved": "https://registry.npmjs.org/@playwright/test/-/test-1.23.3.tgz",
      "integrity": "sha512-kR4vo2UGHC84DGqE6EwvAeaehj3xCAK6LoC1P1eu6ZGdC79rlqRKf8cFDx6q6c9T8MQSL1O9eOlup0BpwqNF0w==",
      "dev": true,
      "requires": {
        "@types/node": "*",
        "playwright-core": "1.23.3"
      }
    },
    "@types/node": {
      "version": "18.0.4",
      "resolved": "https://registry.npmjs.org/@types/node/-/node-18.0.4.tgz",
      "integrity": "sha512-M0+G6V0Y4YV8cqzHssZpaNCqvYwlCiulmm0PwpNLF55r/+cT8Ol42CHRU1SEaYFH2rTwiiE1aYg/2g2rrtGdPA==",
      "dev": true
    },
    "chance": {
      "version": "1.1.8",
      "resolved": "https://registry.npmjs.org/chance/-/chance-1.1.8.tgz",
      "integrity": "sha512-v7fi5Hj2VbR6dJEGRWLmJBA83LJMS47pkAbmROFxHWd9qmE1esHRZW8Clf1Fhzr3rjxnNZVCjOEv/ivFxeIMtg=="
    },
    "core-js": {
      "version": "3.23.4",
      "resolved": "https://registry.npmjs.org/core-js/-/core-js-3.23.4.tgz",
      "integrity": "sha512-vjsKqRc1RyAJC3Ye2kYqgfdThb3zYnx9CrqoCcjMOENMtQPC7ZViBvlDxwYU/2z2NI/IPuiXw5mT4hWhddqjzQ=="
    },
    "gremlins.js": {
      "version": "2.2.0",
      "resolved": "https://registry.npmjs.org/gremlins.js/-/gremlins.js-2.2.0.tgz",
      "integrity": "sha512-zVe4+WuCwTheg1OzBOdtiy7nZj52lWyWjCPMw/78wI1uAJdGlc97hVGYsZg0v75Hm+E91y5D+yG4U0lk7j/6xg==",
      "requires": {
        "chance": "^1.1.4",
        "core-js": "^3.6.4"
      }
    },
    "playwright": {
      "version": "1.27.1",
      "resolved": "https://registry.npmjs.org/playwright/-/playwright-1.27.1.tgz",
      "integrity": "sha512-xXYZ7m36yTtC+oFgqH0eTgullGztKSRMb4yuwLPl8IYSmgBM88QiB+3IWb1mRIC9/NNwcgbG0RwtFlg+EAFQHQ==",
      "requires": {
        "playwright-core": "1.27.1"
      },
      "dependencies": {
        "playwright-core": {
          "version": "1.27.1",
          "resolved": "https://registry.npmjs.org/playwright-core/-/playwright-core-1.27.1.tgz",
          "integrity": "sha512-9EmeXDncC2Pmp/z+teoVYlvmPWUC6ejSSYZUln7YaP89Z6lpAaiaAnqroUt/BoLo8tn7WYShcfaCh+xofZa44Q=="
        }
      }
    },
    "playwright-core": {
      "version": "1.23.3",
      "resolved": "https://registry.npmjs.org/playwright-core/-/playwright-core-1.23.3.tgz",
      "integrity": "sha512-x35yzsXDyo0BIXYimLnUFNyb42c//NadUNH6IPGOteZm96oTGA1kn4Hq6qJTI1/f9wEc1F9O1DsznXIgXMil7A==",
      "dev": true
    }
  }
}
